
Microsoft Visual Studio Solution File, Format Version 12.00
# Visual Studio Version 17
VisualStudioVersion = 17.2.32519.379
MinimumVisualStudioVersion = 10.0.40219.1
Project("{FAE04EC0-301F-11D3-BF4B-00C04F79EFBC}") = "GiaCam", "GiaCam\GiaCam.csproj", "{C0803064-5C92-4BA5-A472-C70FC04BA271}"
EndProject
Global
	GlobalSection(SolutionConfigurationPlatforms) = preSolution
		Debug|Any CPU = Debug|Any CPU
		Release|Any CPU = Release|Any CPU
	EndGlobalSection
	GlobalSection(ProjectConfigurationPlatforms) = postSolution
		{C0803064-5C92-4BA5-A472-C70FC04BA271}.Debug|Any CPU.ActiveCfg = Debug|Any CPU
		{C0803064-5C92-4BA5-A472-C70FC04BA271}.Debug|Any CPU.Build.0 = Debug|Any CPU
		{C0803064-5C92-4BA5-A472-C70FC04BA271}.Release|Any CPU.ActiveCfg = Release|Any CPU
		{C0803064-5C92-4BA5-A472-C70FC04BA271}.Release|Any CPU.Build.0 = Release|Any CPU
	EndGlobalSection
	GlobalSection(SolutionProperties) = preSolution
		HideSolutionNode = FALSE
	EndGlobalSection
	GlobalSection(ExtensibilityGlobals) = postSolution
		SolutionGuid = {4AC92C7D-0DB9-4DBB-8846-BAD58C150D26}
	EndGlobalSection
EndGlobal
